# THIS IS AN AUTOGENERATED FILE. DO NOT EDIT THIS FILE DIRECTLY.
# yarn lockfile v1


"@pixi/accessibility@6.0.0":
  version "6.0.0"
  resolved "https://registry.yarnpkg.com/@pixi/accessibility/-/accessibility-6.0.0.tgz#e41d73688c4d7184a4a1966fff638ecc80bc4c94"
  integrity sha512-AuwFGRUF7I+D3B1FJKJq8j6bkgWLpJEdwqY8NxnmRTgQXh/XkiXtkZp4Iiinh3ivoCs6xdfz/p7ekOyHfFdZ0Q==
  dependencies:
    "@pixi/canvas-renderer" "6.0.0"
    "@pixi/core" "6.0.0"
    "@pixi/display" "6.0.0"
    "@pixi/utils" "6.0.0"

"@pixi/app@6.0.0":
  version "6.0.0"
  resolved "https://registry.yarnpkg.com/@pixi/app/-/app-6.0.0.tgz#b3391587fb9a93d80ee8f6405516664ab13c5482"
  integrity sha512-axT7HgVHbjzgiy2xuilBDNmivQz3Nm+ZLjU9hiK6iVWp7tOkCTP7VZg5JW4VWiTQrc3GiJLY9FaRb6vxDV3+Gw==
  dependencies:
    "@pixi/core" "6.0.0"
    "@pixi/display" "6.0.0"

"@pixi/canvas-renderer@6.0.0":
  version "6.0.0"
  resolved "https://registry.yarnpkg.com/@pixi/canvas-renderer/-/canvas-renderer-6.0.0.tgz#ca38dc9f1b760e71ab8fc12637eae2f744ed6302"
  integrity sha512-KKh1AsKuk91QLgGbsngUZA4Ig1hZsRoxS13N0eXw+mJfuHag5pARAeZvn/6kc7xJAqX/p+n6GNtOq85PK6FiQg==
  dependencies:
    "@pixi/constants" "6.0.0"
    "@pixi/core" "6.0.0"
    "@pixi/math" "6.0.0"
    "@pixi/settings" "6.0.0"
    "@pixi/utils" "6.0.0"

"@pixi/compressed-textures@6.0.0":
  version "6.0.0"
  resolved "https://registry.yarnpkg.com/@pixi/compressed-textures/-/compressed-textures-6.0.0.tgz#3ac7328955f242679d72e50078c06ab0255571ac"
  integrity sha512-K6uEpd0RinapAyuMQGdj+PtHV5eD93zGo9rgxLEpjNlAZMQdtvHrsE+jBGu7LPxJLTs6P72BOajTp9tTkXLBkA==
  dependencies:
    "@pixi/constants" "6.0.0"
    "@pixi/core" "6.0.0"
    "@pixi/loaders" "6.0.0"

"@pixi/constants@6.0.0":
  version "6.0.0"
  resolved "https://registry.yarnpkg.com/@pixi/constants/-/constants-6.0.0.tgz#5ba5e99d57e5fc582103a105aac837935a04ba5f"
  integrity sha512-/ZvzxkYjnSOvMhAuGEzSHJ7pgxQ/6VfWyxzYhbZ9U8YRxnU4D5l2MKGIe5XpAMHEFD10t0mYzIC9tMoCrdlBGg==

"@pixi/core@6.0.0":
  version "6.0.0"
  resolved "https://registry.yarnpkg.com/@pixi/core/-/core-6.0.0.tgz#bcbc0a09f520b4c34bcdb167f9c5ae314a3fd613"
  integrity sha512-hOvl0aLG1nYYw2OzUY1Xot38vnrQl5eshIcfqMjUHmuescwedNPXE7cO7zAiMEW1bdAJMmQ5gT4RVMZTKUx3fg==
  dependencies:
    "@pixi/constants" "6.0.0"
    "@pixi/math" "6.0.0"
    "@pixi/runner" "6.0.0"
    "@pixi/settings" "6.0.0"
    "@pixi/ticker" "6.0.0"
    "@pixi/utils" "6.0.0"

"@pixi/display@6.0.0":
  version "6.0.0"
  resolved "https://registry.yarnpkg.com/@pixi/display/-/display-6.0.0.tgz#409a21828004cba6c8d729e11f28de8cbd141314"
  integrity sha512-Sl4QLlNlHjB68BojkIK36kJy2/brJ+cVviYITpaRQzOEZRNiWOZPdKaZ4qH1mwzD59LGBvKksBGGeEB/y9XHlw==
  dependencies:
    "@pixi/math" "6.0.0"
    "@pixi/settings" "6.0.0"
    "@pixi/utils" "6.0.0"

"@pixi/extract@6.0.0":
  version "6.0.0"
  resolved "https://registry.yarnpkg.com/@pixi/extract/-/extract-6.0.0.tgz#cf2dee657f6f65c8c2096344078e18c0ce640c0a"
  integrity sha512-LIhQNOr90kEo2YFRcjsIR5ZRdbtcWWYqtwC6/Zgy5dzuB+JNCiHIqWZTHCJDbzuXnImHM3NP59Zay2nuJsgVAw==
  dependencies:
    "@pixi/core" "6.0.0"
    "@pixi/math" "6.0.0"
    "@pixi/utils" "6.0.0"

"@pixi/filter-alpha@6.0.0":
  version "6.0.0"
  resolved "https://registry.yarnpkg.com/@pixi/filter-alpha/-/filter-alpha-6.0.0.tgz#d0c6096a11928cd85c64713346df4de0975332b1"
  integrity sha512-wtsqCIIxYNH8twQ7sYTPnQa3GEBEkwgETglbQrszJIcuWf5sHizZwmV5k12DVJjWlRn5fHczrb9eF6Rye/K47A==
  dependencies:
    "@pixi/core" "6.0.0"

"@pixi/filter-blur@6.0.0":
  version "6.0.0"
  resolved "https://registry.yarnpkg.com/@pixi/filter-blur/-/filter-blur-6.0.0.tgz#7d6eae681080a93cacdf0373ea754dd28b25e823"
  integrity sha512-G0AZ8oCLFmJ1f0wFFPHKP9rKe/Ax4a0JIqIyxTPVdsWyZMUJT3hLK3pVyypnNFt4vJCFUENpG4f69DpIlxJ5AA==
  dependencies:
    "@pixi/core" "6.0.0"
    "@pixi/settings" "6.0.0"

"@pixi/filter-color-matrix@6.0.0":
  version "6.0.0"
  resolved "https://registry.yarnpkg.com/@pixi/filter-color-matrix/-/filter-color-matrix-6.0.0.tgz#c1825feb03e74cabb0d23765db82188e873b4d8a"
  integrity sha512-81LLG54+o7KPRLYqb5hKnHEa+8fvUwcBdzdEvkIw41IXGaxItXd18bDVs5A9hDRSA/DvDxPWR2ogXqnLuxrIRA==
  dependencies:
    "@pixi/core" "6.0.0"

"@pixi/filter-displacement@6.0.0":
  version "6.0.0"
  resolved "https://registry.yarnpkg.com/@pixi/filter-displacement/-/filter-displacement-6.0.0.tgz#22e2331bf6373bf3755cf5590ab639c5a8899ae6"
  integrity sha512-f439vMHb3VYUQSH9f3Z3o1j3o9ciA+xjzhldc+sXunxabmRn02yNye+u4fJlRoQnLFgGFlQCPlpaSEK+CGygDA==
  dependencies:
    "@pixi/core" "6.0.0"
    "@pixi/math" "6.0.0"

"@pixi/filter-fxaa@6.0.0":
  version "6.0.0"
  resolved "https://registry.yarnpkg.com/@pixi/filter-fxaa/-/filter-fxaa-6.0.0.tgz#b9db27775a39387145f3dcff9d50c01f830baec7"
  integrity sha512-oSSee1ktf3nYUhH7rf1pfLjxWkliOZiqUo3N0E6mV5kN7RfIWVgyahImDVJdvIlSQYMVW8rg2jOMetp4E9c70g==
  dependencies:
    "@pixi/core" "6.0.0"

"@pixi/filter-noise@6.0.0":
  version "6.0.0"
  resolved "https://registry.yarnpkg.com/@pixi/filter-noise/-/filter-noise-6.0.0.tgz#b2bc0bccb96923e5bd9f2dc4841092f28e9c65f6"
  integrity sha512-AMWcodsb5FUQGsfZRQs1Qn+YLGu8yScKWPKXhn1fjEP0zgFk2/PFu6CQADOETBrHYie6eqib05vmcFhhV6NN3A==
  dependencies:
    "@pixi/core" "6.0.0"

"@pixi/graphics@6.0.0":
  version "6.0.0"
  resolved "https://registry.yarnpkg.com/@pixi/graphics/-/graphics-6.0.0.tgz#aef76f9772dea1e54a149e04f43f5f2fed68f355"
  integrity sha512-JKYlXD6snsNGI28okuhJrLr21FMDLbG2ISSn17P+fKvtUbCyerP0XrItZiMagjnwyoa4kcmk/L6ywQUSNrqe1Q==
  dependencies:
    "@pixi/constants" "6.0.0"
    "@pixi/core" "6.0.0"
    "@pixi/display" "6.0.0"
    "@pixi/math" "6.0.0"
    "@pixi/sprite" "6.0.0"
    "@pixi/utils" "6.0.0"

"@pixi/interaction@6.0.0":
  version "6.0.0"
  resolved "https://registry.yarnpkg.com/@pixi/interaction/-/interaction-6.0.0.tgz#917f3b344b2d54fe9562b009f4ebe2ca888acfe5"
  integrity sha512-tbJEGApuALoMrRVtvozjJnVM+8svIQiyDmLsb8NYI0jS+VhqZCUZPoGRXBnzzOoCM8TfuRV9A8OAgoGOi543pg==
  dependencies:
    "@pixi/core" "6.0.0"
    "@pixi/display" "6.0.0"
    "@pixi/math" "6.0.0"
    "@pixi/ticker" "6.0.0"
    "@pixi/utils" "6.0.0"

"@pixi/loaders@6.0.0":
  version "6.0.0"
  resolved "https://registry.yarnpkg.com/@pixi/loaders/-/loaders-6.0.0.tgz#f772c4456faff1d0664eb068d81c7e19e99237e9"
  integrity sha512-mA0uXNJEDpSsPQZHRCxMViqdopqZgs9RueiqMlXirdnp5S+G56Y71eDZZxa1qJoy4LNJzcVOWqG8vOhLzYEpVQ==
  dependencies:
    "@pixi/constants" "6.0.0"
    "@pixi/core" "6.0.0"
    "@pixi/utils" "6.0.0"
    resource-loader "^3.0.1"

"@pixi/math@6.0.0":
  version "6.0.0"
  resolved "https://registry.yarnpkg.com/@pixi/math/-/math-6.0.0.tgz#3fade6c46e6087648e53b5265ea8ef45d041b8d6"
  integrity sha512-MGt7Gcj9zMCzy/T28mmi8TFfb09ePU+fbqd6VzXv91lmaoc/ZVBDRoYwDA8x5dQTXuuiRicRypXghQccl0X+OQ==

"@pixi/mesh-extras@6.0.0":
  version "6.0.0"
  resolved "https://registry.yarnpkg.com/@pixi/mesh-extras/-/mesh-extras-6.0.0.tgz#9d7e8a48c382bad2978f07a9c13ad5d459dcd664"
  integrity sha512-4F+/kZtyWoH6xkyreMTzO8tAj6NnHjJPFhTW4mNB79DoNyeb3JOQbyeaLj+TKvK+x72Hhcu2m7JxDUfstcBCCw==
  dependencies:
    "@pixi/constants" "6.0.0"
    "@pixi/core" "6.0.0"
    "@pixi/math" "6.0.0"
    "@pixi/mesh" "6.0.0"
    "@pixi/utils" "6.0.0"

"@pixi/mesh@6.0.0":
  version "6.0.0"
  resolved "https://registry.yarnpkg.com/@pixi/mesh/-/mesh-6.0.0.tgz#3f771dd63cc41d5dba7d92e0a90e362ccfacd957"
  integrity sha512-yxIgDJXb0tklAZLE7dQ7ohVfTZhDZ+C9oU7FQ8uzyAlPrVVI5T7ZxTTfB2qYvfuX1ag3rCjGPqFvG01nG2P5QA==
  dependencies:
    "@pixi/constants" "6.0.0"
    "@pixi/core" "6.0.0"
    "@pixi/display" "6.0.0"
    "@pixi/math" "6.0.0"
    "@pixi/settings" "6.0.0"
    "@pixi/utils" "6.0.0"

"@pixi/mixin-cache-as-bitmap@6.0.0":
  version "6.0.0"
  resolved "https://registry.yarnpkg.com/@pixi/mixin-cache-as-bitmap/-/mixin-cache-as-bitmap-6.0.0.tgz#a6ef2442a78bf8875bfd962625ac4668f6b8242b"
  integrity sha512-ox2KaorNYSYm6vNXSEH1ecwGDRx9NhpXvBH4Gun9XwIgxmVTZrHdRYdWOgAhQnj9L+a7+JwwCGspcpcL4h0QBw==
  dependencies:
    "@pixi/canvas-renderer" "6.0.0"
    "@pixi/core" "6.0.0"
    "@pixi/display" "6.0.0"
    "@pixi/math" "6.0.0"
    "@pixi/settings" "6.0.0"
    "@pixi/sprite" "6.0.0"
    "@pixi/utils" "6.0.0"

"@pixi/mixin-get-child-by-name@6.0.0":
  version "6.0.0"
  resolved "https://registry.yarnpkg.com/@pixi/mixin-get-child-by-name/-/mixin-get-child-by-name-6.0.0.tgz#16022290b8ef34eda1b6c417bb6c616a980d9c0f"
  integrity sha512-g/8WflW83kfo918WROePmGErRI2rxSCnuRfEkHRYGcsyN3yN/oHyDTgA0UrlLvNk2YM2v3oDjQKmCkD4roA06A==
  dependencies:
    "@pixi/display" "6.0.0"

"@pixi/mixin-get-global-position@6.0.0":
  version "6.0.0"
  resolved "https://registry.yarnpkg.com/@pixi/mixin-get-global-position/-/mixin-get-global-position-6.0.0.tgz#799a45aca7fc7bff32a7b411492e5cb64eeeae8e"
  integrity sha512-1qVfsoHjyWknFAmkhUkgOfOoCw5fE5cNbJ91VcfyUGL5hgw329uqdOqeqAVr06oRNInvMzNM6ePBoD6+8T2qrw==
  dependencies:
    "@pixi/display" "6.0.0"
    "@pixi/math" "6.0.0"

"@pixi/particles@6.0.0":
  version "6.0.0"
  resolved "https://registry.yarnpkg.com/@pixi/particles/-/particles-6.0.0.tgz#6be189abc79b3f5f0ce5364c5a42b6a02b107dd7"
  integrity sha512-Q8aWbP7fJEqShJ75WhgMq2v+YbaGyKnYk+8xoyPooIjD+RWx9iibqqsYq4bzaDXL/yl74K32hhFkKB9krj4MMQ==
  dependencies:
    "@pixi/constants" "6.0.0"
    "@pixi/core" "6.0.0"
    "@pixi/display" "6.0.0"
    "@pixi/math" "6.0.0"
    "@pixi/utils" "6.0.0"

"@pixi/polyfill@6.0.0":
  version "6.0.0"
  resolved "https://registry.yarnpkg.com/@pixi/polyfill/-/polyfill-6.0.0.tgz#f1314cac966dd3784674f8c9ee9d53a9fcd4ebf3"
  integrity sha512-lMjVCEiQYfa9wJgYT75fGbpuMsxF7WLmH05+Zg4a9nZJm7DeQ/D+BjsuxTGKLbjINHCMUA/D8E6utT2u5IGgGA==
  dependencies:
    object-assign "^4.1.1"
    promise-polyfill "^8.2.0"

"@pixi/prepare@6.0.0":
  version "6.0.0"
  resolved "https://registry.yarnpkg.com/@pixi/prepare/-/prepare-6.0.0.tgz#159ba9a670eafc8d7a74d6fea1b132f285dcc889"
  integrity sha512-5Iw7vq9Ze71LQsg9F8Fx94vszFB5/E9LcMhn7NJDGbrCawigldqT1GiwJB2SzWBbqn199GDTX1g/ApMdLEt4YA==
  dependencies:
    "@pixi/core" "6.0.0"
    "@pixi/display" "6.0.0"
    "@pixi/graphics" "6.0.0"
    "@pixi/settings" "6.0.0"
    "@pixi/text" "6.0.0"
    "@pixi/ticker" "6.0.0"

"@pixi/runner@6.0.0":
  version "6.0.0"
  resolved "https://registry.yarnpkg.com/@pixi/runner/-/runner-6.0.0.tgz#1b789f957f5c3e7b9ee23ce7e9fa15c14a83a025"
  integrity sha512-lwlAdtC4PEPy3O0nljYNEZgsBe9AEJ8qZAFkDK+ZHQIgV3uODRIG+8dmzTmMo7pHucvMM9klK29bzBhmXS95eQ==

"@pixi/settings@6.0.0":
  version "6.0.0"
  resolved "https://registry.yarnpkg.com/@pixi/settings/-/settings-6.0.0.tgz#0e9fde41fb153c47c27f1c5c5a0b26874fc2cd6b"
  integrity sha512-AMM39dnYrByL4/qZHNWShJaYQkp0RJ/TA7JNf6cJq/Mq8idumaSdUsrytvbmFDIhNEeFTh9o1EgLzqxxCO7Z+g==
  dependencies:
    ismobilejs "^1.1.0"

"@pixi/sprite-animated@6.0.0":
  version "6.0.0"
  resolved "https://registry.yarnpkg.com/@pixi/sprite-animated/-/sprite-animated-6.0.0.tgz#69ffcd0d476fe2186b06477ecc485b902d882a0f"
  integrity sha512-bNPIqDCod5KGHU1GN9T+YOTnaSwNLxurxlOQc6CyWtkQCIYKGYg7ZA+It0p9wX1cerx/sf80QLODiLI1msPHDw==
  dependencies:
    "@pixi/core" "6.0.0"
    "@pixi/sprite" "6.0.0"
    "@pixi/ticker" "6.0.0"

"@pixi/sprite-tiling@6.0.0":
  version "6.0.0"
  resolved "https://registry.yarnpkg.com/@pixi/sprite-tiling/-/sprite-tiling-6.0.0.tgz#d799df0b8993c28c1b99973f74640dae28d138aa"
  integrity sha512-h+TQ+DZTWzHkrJXC7CbhbwzgLtXGWo7yW4y4ha2k+EIIy4uyRYki5wA4xq+Q4Dk1PlItNXOTubs1uQMxBmOWgw==
  dependencies:
    "@pixi/constants" "6.0.0"
    "@pixi/core" "6.0.0"
    "@pixi/display" "6.0.0"
    "@pixi/math" "6.0.0"
    "@pixi/sprite" "6.0.0"
    "@pixi/utils" "6.0.0"

"@pixi/sprite@6.0.0":
  version "6.0.0"
  resolved "https://registry.yarnpkg.com/@pixi/sprite/-/sprite-6.0.0.tgz#30fcc19207a9b6e206a68fbac96689df1652f88f"
  integrity sha512-17bmwAL/KtY//I3mhZeKeVjoXSmI8yWk+zsTy8L5s95UVUDkyxJ//mc8Sv7ajF2OteLH0yyd+l3Pb/lYazkwBQ==
  dependencies:
    "@pixi/constants" "6.0.0"
    "@pixi/core" "6.0.0"
    "@pixi/display" "6.0.0"
    "@pixi/math" "6.0.0"
    "@pixi/settings" "6.0.0"
    "@pixi/utils" "6.0.0"

"@pixi/spritesheet@6.0.0":
  version "6.0.0"
  resolved "https://registry.yarnpkg.com/@pixi/spritesheet/-/spritesheet-6.0.0.tgz#609c3bfe24a2ed37baf17037a333806a0460c4e4"
  integrity sha512-crRPvDA3O8qrAUTnPuV2UIKKW06FpCgGSFe5OwaE+8yFP2DCefoMeD5tU+EOuWavLTM94nBjbcGEpGYp/VBIvA==
  dependencies:
    "@pixi/core" "6.0.0"
    "@pixi/loaders" "6.0.0"
    "@pixi/math" "6.0.0"
    "@pixi/utils" "6.0.0"

"@pixi/text-bitmap@6.0.0":
  version "6.0.0"
  resolved "https://registry.yarnpkg.com/@pixi/text-bitmap/-/text-bitmap-6.0.0.tgz#9cdc6a1f683dbcd6f333f293afac9babe2999d91"
  integrity sha512-PXxr1JcBtcqnkkmdIgS2vN3TvmgA2jXY8BhdCamx+Bkhtpron5UWL0wzIOmEXEH0jWyXwbdTuNnx4V48JJbIsQ==
  dependencies:
    "@pixi/core" "6.0.0"
    "@pixi/display" "6.0.0"
    "@pixi/loaders" "6.0.0"
    "@pixi/math" "6.0.0"
    "@pixi/mesh" "6.0.0"
    "@pixi/settings" "6.0.0"
    "@pixi/text" "6.0.0"
    "@pixi/utils" "6.0.0"

"@pixi/text@6.0.0":
  version "6.0.0"
  resolved "https://registry.yarnpkg.com/@pixi/text/-/text-6.0.0.tgz#406b5e904fad9e2e469b725f87488d7832b1ef43"
  integrity sha512-ZRgU03fWETpTsr+vse8yC8/czEZ36qS3+NyGtaL9lP+Otw/exJ+fPNKE6Oucb3ZpjhNRSWVSCmZcqGp0ogzQDw==
  dependencies:
    "@pixi/core" "6.0.0"
    "@pixi/math" "6.0.0"
    "@pixi/settings" "6.0.0"
    "@pixi/sprite" "6.0.0"
    "@pixi/utils" "6.0.0"

"@pixi/ticker@6.0.0":
  version "6.0.0"
  resolved "https://registry.yarnpkg.com/@pixi/ticker/-/ticker-6.0.0.tgz#884f8d4d856793dd5e0b379c9fa6af6cecff467b"
  integrity sha512-ON9Evw2ofOCIZ/06/sS1InRT6ByPsjeQtKxSP4YxgakUqY8mXKAFvj7L3GpgjyVz4u80VdqxgEki6teElfMI4Q==
  dependencies:
    "@pixi/settings" "6.0.0"

"@pixi/utils@6.0.0":
  version "6.0.0"
  resolved "https://registry.yarnpkg.com/@pixi/utils/-/utils-6.0.0.tgz#c56cd25f6697ac0a704160521b446888e2fe4472"
  integrity sha512-kI/KPd3NHYeRdss8ZsFjBrup/x0bXSjX/Vq8gZJOdiHIZ6IFllugYulsQwGbgNCTX0VBV8K8ks21/UzHUhRxGQ==
  dependencies:
    "@pixi/constants" "6.0.0"
    "@pixi/settings" "6.0.0"
    "@types/earcut" "^2.1.0"
    "@types/node" "^12.0.0"
    earcut "^2.2.2"
    eventemitter3 "^3.1.0"
    url "^0.11.0"

"@types/earcut@^2.1.0":
  version "2.1.1"
  resolved "https://registry.yarnpkg.com/@types/earcut/-/earcut-2.1.1.tgz#573a0af609f17005c751f6f4ffec49cfe358ea51"
  integrity sha512-w8oigUCDjElRHRRrMvn/spybSMyX8MTkKA5Dv+tS1IE/TgmNZPqUYtvYBXGY8cieSE66gm+szeK+bnbxC2xHTQ==

"@types/node@^12.0.0":
  version "12.20.15"
  resolved "https://registry.yarnpkg.com/@types/node/-/node-12.20.15.tgz#10ee6a6a3f971966fddfa3f6e89ef7a73ec622df"
  integrity sha512-F6S4Chv4JicJmyrwlDkxUdGNSplsQdGwp1A0AJloEVDirWdZOAiRHhovDlsFkKUrquUXhz1imJhXHsf59auyAg==

bs-pixi@^0.1.14:
  version "0.1.14"
  resolved "https://registry.yarnpkg.com/bs-pixi/-/bs-pixi-0.1.14.tgz#148404016b40948371367caead21662cd555fb1e"
  integrity sha512-zxdsCk3J0oZSMUnCLidaJ3LcP2B+1YqkjPgiiQf+d0noMdkXdYqBBNzzwoShZuRVGKSPx8DmrSzfhrZadM19BQ==
  dependencies:
    bs-webapi "^0.15.5"
    pixi.js "6.0.0"

bs-webapi@^0.15.5:
  version "0.15.9"
  resolved "https://registry.yarnpkg.com/bs-webapi/-/bs-webapi-0.15.9.tgz#d1dcfbd40499a3b0914daacc4ceef47a0f3c906f"
  integrity sha512-bmzO6na2HmK01a34qB7afMwfVSrPxkP3EGzUslWObuxbHIlLC0PAMDu4lA8ZL5NasBUctlwnA1QZxox+1aNWWw==

earcut@^2.2.2:
  version "2.2.2"
  resolved "https://registry.yarnpkg.com/earcut/-/earcut-2.2.2.tgz#41b0bc35f63e0fe80da7cddff28511e7e2e80d11"
  integrity sha512-eZoZPPJcUHnfRZ0PjLvx2qBordSiO8ofC3vt+qACLM95u+4DovnbYNpQtJh0DNsWj8RnxrQytD4WA8gj5cRIaQ==

eventemitter3@^3.1.0:
  version "3.1.2"
  resolved "https://registry.yarnpkg.com/eventemitter3/-/eventemitter3-3.1.2.tgz#2d3d48f9c346698fce83a85d7d664e98535df6e7"
  integrity sha512-tvtQIeLVHjDkJYnzf2dgVMxfuSGJeM/7UCG17TT4EumTfNtF+0nebF/4zWOIkCreAbtNqhGEboB6BWrwqNaw4Q==

ismobilejs@^1.1.0:
  version "1.1.1"
  resolved "https://registry.yarnpkg.com/ismobilejs/-/ismobilejs-1.1.1.tgz#c56ca0ae8e52b24ca0f22ba5ef3215a2ddbbaa0e"
  integrity sha512-VaFW53yt8QO61k2WJui0dHf4SlL8lxBofUuUmwBo0ljPk0Drz2TiuDW4jo3wDcv41qy/SxrJ+VAzJ/qYqsmzRw==

mini-signals@^1.2.0:
  version "1.2.0"
  resolved "https://registry.yarnpkg.com/mini-signals/-/mini-signals-1.2.0.tgz#45b08013c5fae51a24aa1a935cd317c9ed721d74"
  integrity sha1-RbCAE8X65RokqhqTXNMXye1yHXQ=

object-assign@^4.1.1:
  version "4.1.1"
  resolved "https://registry.yarnpkg.com/object-assign/-/object-assign-4.1.1.tgz#2109adc7965887cfc05cbbd442cac8bfbb360863"
  integrity sha1-IQmtx5ZYh8/AXLvUQsrIv7s2CGM=

parse-uri@^1.0.0:
  version "1.0.3"
  resolved "https://registry.yarnpkg.com/parse-uri/-/parse-uri-1.0.3.tgz#f3c24a74907a4e357c1741e96ca9faadecfd6db5"
  integrity sha512-upMnGxNcm+45So85HoguwZTVZI9u11i36DdxJfGF2HYWS2eh3TIx7+/tTi7qrEq15qzGkVhsKjesau+kCk48pA==

pixi.js@6.0.0:
  version "6.0.0"
  resolved "https://registry.yarnpkg.com/pixi.js/-/pixi.js-6.0.0.tgz#d77b98f2f52e978d1b17a984ebb6a53935b9d2e7"
  integrity sha512-dnbLWGxlA5LBoIW85uJQ2HiPQAkDFwp3bHs3OmXX+lJON9Lh4ZgVv2TAwgcO9j0UV5Wkbm+9sXEhqT8Up7a4RA==
  dependencies:
    "@pixi/accessibility" "6.0.0"
    "@pixi/app" "6.0.0"
    "@pixi/compressed-textures" "6.0.0"
    "@pixi/constants" "6.0.0"
    "@pixi/core" "6.0.0"
    "@pixi/display" "6.0.0"
    "@pixi/extract" "6.0.0"
    "@pixi/filter-alpha" "6.0.0"
    "@pixi/filter-blur" "6.0.0"
    "@pixi/filter-color-matrix" "6.0.0"
    "@pixi/filter-displacement" "6.0.0"
    "@pixi/filter-fxaa" "6.0.0"
    "@pixi/filter-noise" "6.0.0"
    "@pixi/graphics" "6.0.0"
    "@pixi/interaction" "6.0.0"
    "@pixi/loaders" "6.0.0"
    "@pixi/math" "6.0.0"
    "@pixi/mesh" "6.0.0"
    "@pixi/mesh-extras" "6.0.0"
    "@pixi/mixin-cache-as-bitmap" "6.0.0"
    "@pixi/mixin-get-child-by-name" "6.0.0"
    "@pixi/mixin-get-global-position" "6.0.0"
    "@pixi/particles" "6.0.0"
    "@pixi/polyfill" "6.0.0"
    "@pixi/prepare" "6.0.0"
    "@pixi/runner" "6.0.0"
    "@pixi/settings" "6.0.0"
    "@pixi/sprite" "6.0.0"
    "@pixi/sprite-animated" "6.0.0"
    "@pixi/sprite-tiling" "6.0.0"
    "@pixi/spritesheet" "6.0.0"
    "@pixi/text" "6.0.0"
    "@pixi/text-bitmap" "6.0.0"
    "@pixi/ticker" "6.0.0"
    "@pixi/utils" "6.0.0"

promise-polyfill@^8.2.0:
  version "8.2.0"
  resolved "https://registry.yarnpkg.com/promise-polyfill/-/promise-polyfill-8.2.0.tgz#367394726da7561457aba2133c9ceefbd6267da0"
  integrity sha512-k/TC0mIcPVF6yHhUvwAp7cvL6I2fFV7TzF1DuGPI8mBh4QQazf36xCKEHKTZKRysEoTQoQdKyP25J8MPJp7j5g==

punycode@1.3.2:
  version "1.3.2"
  resolved "https://registry.yarnpkg.com/punycode/-/punycode-1.3.2.tgz#9653a036fb7c1ee42342f2325cceefea3926c48d"
  integrity sha1-llOgNvt8HuQjQvIyXM7v6jkmxI0=

querystring@0.2.0:
  version "0.2.0"
  resolved "https://registry.yarnpkg.com/querystring/-/querystring-0.2.0.tgz#b209849203bb25df820da756e747005878521620"
  integrity sha1-sgmEkgO7Jd+CDadW50cAWHhSFiA=

rescript@*:
  version "9.1.4"
  resolved "https://registry.yarnpkg.com/rescript/-/rescript-9.1.4.tgz#1eb126f98d6c16942c0bf0df67c050198e580515"
  integrity sha512-aXANK4IqecJzdnDpJUsU6pxMViCR5ogAxzuqS0mOr8TloMnzAjJFu63fjD6LCkWrKAhlMkFFzQvVQYaAaVkFXw==

resource-loader@^3.0.1:
  version "3.0.1"
  resolved "https://registry.yarnpkg.com/resource-loader/-/resource-loader-3.0.1.tgz#33355bb5421e2994f59454bbc7f6dbff8df06d47"
  integrity sha512-fBuCRbEHdLCI1eglzQhUv9Rrdcmqkydr1r6uHE2cYHvRBrcLXeSmbE/qI/urFt8rPr/IGxir3BUwM5kUK8XoyA==
  dependencies:
    mini-signals "^1.2.0"
    parse-uri "^1.0.0"

url@^0.11.0:
  version "0.11.0"
  resolved "https://registry.yarnpkg.com/url/-/url-0.11.0.tgz#3838e97cfc60521eb73c525a8e55bfdd9e2e28f1"
  integrity sha1-ODjpfPxgUh63PFJajlW/3Z4uKPE=
  dependencies:
    punycode "1.3.2"
    querystring "0.2.0"
